dependencies:
- name: argo-projs
  repository: file://./helm-charts/argo-projs/
  version: 0.1.1
- name: argo-apps
  repository: file://./helm-charts/argo-apps/
  version: 0.1.1
- name: argo-apps
  repository: file://./helm-charts/argo-apps/
  version: 0.1.1
digest: sha256:ff6e5ca239043fd0742b8742fc8fc0450185d8f66c9808786f054f3ebbfa6178
generated: "2024-08-17T18:10:03.768289-04:00"
